
Microsoft Visual Studio Solution File, Format Version 12.00
# Visual Studio Version 17
VisualStudioVersion = 17.3.32929.385
MinimumVisualStudioVersion = 10.0.40219.1
Project("{FAE04EC0-301F-11D3-BF4B-00C04F79EFBC}") = "Gomoku_test", "Gomoku_test\Gomoku_test.csproj", "{B3B41C99-77BF-48D3-8611-CEF8BD26E1F4}"
EndProject
Project("{FAE04EC0-301F-11D3-BF4B-00C04F79EFBC}") = "Gomoku_DIY", "Gomoku_DIY\Gomoku_DIY.csproj", "{84E64A31-0E65-4D71-B556-7FD0AACA4812}"
EndProject
Global
	GlobalSection(SolutionConfigurationPlatforms) = preSolution
		Debug|Any CPU = Debug|Any CPU
		Release|Any CPU = Release|Any CPU
	EndGlobalSection
	GlobalSection(ProjectConfigurationPlatforms) = postSolution
		{B3B41C99-77BF-48D3-8611-CEF8BD26E1F4}.Debug|Any CPU.ActiveCfg = Debug|Any CPU
		{B3B41C99-77BF-48D3-8611-CEF8BD26E1F4}.Debug|Any CPU.Build.0 = Debug|Any CPU
		{B3B41C99-77BF-48D3-8611-CEF8BD26E1F4}.Release|Any CPU.ActiveCfg = Release|Any CPU
		{B3B41C99-77BF-48D3-8611-CEF8BD26E1F4}.Release|Any CPU.Build.0 = Release|Any CPU
		{84E64A31-0E65-4D71-B556-7FD0AACA4812}.Debug|Any CPU.ActiveCfg = Debug|Any CPU
		{84E64A31-0E65-4D71-B556-7FD0AACA4812}.Debug|Any CPU.Build.0 = Debug|Any CPU
		{84E64A31-0E65-4D71-B556-7FD0AACA4812}.Release|Any CPU.ActiveCfg = Release|Any CPU
		{84E64A31-0E65-4D71-B556-7FD0AACA4812}.Release|Any CPU.Build.0 = Release|Any CPU
	EndGlobalSection
	GlobalSection(SolutionProperties) = preSolution
		HideSolutionNode = FALSE
	EndGlobalSection
	GlobalSection(ExtensibilityGlobals) = postSolution
		SolutionGuid = {2611F52F-727B-4284-ADB6-4F1498468FBD}
	EndGlobalSection
EndGlobal
